# This file is automatically @generated by Poetry 2.4.1 and should not be changed by hand.

[[package]]
name = "cffi"
version = "2.1.0"
description = "Foreign Function Interface for Python calling C code."
optional = false
python-versions = ">=3.10"
groups = ["main"]
markers = "platform_python_implementation != \"PyPy\""
files = [
    {file = "cffi-2.1.0-cp310-cp310-macosx_10_15_x86_64.whl", hash = "sha256:b65f590ef2a44640f9a05dbb548a429b4ade77913ce683ac8b1480777658a6c0"},
    {file = "cffi-2.1.0-cp310-cp310-macosx_11_0_arm64.whl", hash = "sha256:164bff1657b2a74f0b6d54e11c9b375bc97b931f2ca9c43fcf875838da1570dd"},
    {file = "cffi-2.1.0-cp310-cp310-manylinux1_i686.manylinux2014_i686.manylinux_2_17_i686.manylinux_2_5_i686.whl", hash = "sha256:c941bb58d5a6e1c3892d86e42927ed6c180302f07e6d395d08c416e594b98b46"},
    {file = "cffi-2.1.0-cp310-cp310-manylinux2014_aarch64.manylinux_2_17_aarch64.whl", hash = "sha256:a016194dbe13d14ee9556e734b772d8d67b947092b268d757fd4290e3ba2dfc2"},
    {file = "cffi-2.1.0-cp310-cp310-manylinux2014_ppc64le.manylinux_2_17_ppc64le.whl", hash = "sha256:03e9810d18c646077e501f661b682fbf5dee4676048527ca3cffe66faa9960dd"},
    {file = "cffi-2.1.0-cp310-cp310-manylinux2014_s390x.manylinux_2_17_s390x.whl", hash = "sha256:19c54ac121cad98450b4896fa9a43ee0180d57bc4bc911a33db6cab1efab6cd3"},
    {file = "cffi-2.1.0-cp310-cp310-manylinux2014_x86_64.manylinux_2_17_x86_64.whl", hash = "sha256:4d433a51f1870e43a13b6732f92aaf540ff77c2015097c78556f75a2d6c030e0"},
    {file = "cffi-2.1.0-cp310-cp310-musllinux_1_2_aarch64.whl", hash = "sha256:3d7f118b5adbfdfead90c25822690b02bc8074fba949bb7858bec4ebd55adb43"},
    {file = "cffi-2.1.0-cp310-cp310-musllinux_1_2_i686.whl", hash = "sha256:c5f5df567f6eb216de69be06ce55c8b714090fae02b18a3b40da8163b8c5fa9c"},
    {file = "cffi-2.1.0-cp310-cp310-musllinux_1_2_x86_64.whl", hash = "sha256:11b3fb55f4f8ad92274ed26705f65d8f91457de71f5380061eb6d125a768fecd"},
    {file = "cffi-2.1.0-cp310-cp310-win32.whl", hash = "sha256:9d72af0cf10a76a600a9690078fe31c63b9588c8e86bf9fd353f713c84b5db0f"},
    {file = "cffi-2.1.0-cp310-cp310-win_amd64.whl", hash = "sha256:fb62edb5bb52cca65fab91a63afa7561607120d26090a7e8fda6fb9f064726da"},
    {file = "cffi-2.1.0-cp311-cp311-macosx_10_15_x86_64.whl", hash = "sha256:02cb7ff33ded4f1532476731f89ede53e2e488a8e6205515a82144246ffa7dcc"},
    {file = "cffi-2.1.0-cp311-cp311-macosx_11_0_arm64.whl", hash = "sha256:f5bce581e6b8c235e566a14768a943b172ada3ed73537bb0c0be1edee312d4e7"},
    {file = "cffi-2.1.0-cp311-cp311-manylinux1_i686.manylinux2014_i686.manylinux_2_17_i686.manylinux_2_5_i686.whl", hash = "sha256:30b65779d598c370374fefabf138d456fd6f3216bfa7bedfab1ba82025b0cd93"},
    {file = "cffi-2.1.0-cp311-cp311-manylinux2014_aarch64.manylinux_2_17_aarch64.whl", hash = "sha256:88023dfe18799507b73f1dbb0d14326a17465de1bc9c9c7655c22845e9ddc3a2"},
    {file = "cffi-2.1.0-cp311-cp311-manylinux2014_ppc64le.manylinux_2_17_ppc64le.whl", hash = "sha256:0a96b74cda968eebbad56d973efe5098974f0a9fb323865bf99ea1fd24e3e64c"},
    {file = "cffi-2.1.0-cp311-cp311-manylinux2014_s390x.manylinux_2_17_s390x.whl", hash = "sha256:a5781494d4d400a3f47f8f1da94b324f6e6b440a53387774002890a2a2f4b50f"},
    {file = "cffi-2.1.0-cp311-cp311-manylinux2014_x86_64.manylinux_2_17_x86_64.whl", hash = "sha256:aa7a1b53a2a4452ada2d1b5dade9960b2522f1e61293a811a077439e39029565"},
    {file = "cffi-2.1.0-cp311-cp311-musllinux_1_2_aarch64.whl", hash = "sha256:9d8272c0e483b024e1b9ad029821470ed8ec65631dbd90217469da0e7cd89f1c"},
    {file = "cffi-2.1.0-cp311-cp311-musllinux_1_2_i686.whl", hash = "sha256:7762faa47e8ff7eb80bd261d9a7d8eea2d8baa69de5e95b70c1f338bbe712f02"},
    {file = "cffi-2.1.0-cp311-cp311-musllinux_1_2_x86_64.whl", hash = "sha256:89095c1968b4ba8285840e131bf2891b09ae137fe2146905acae0354fbce1b5e"},
    {file = "cffi-2.1.0-cp311-cp311-win32.whl", hash = "sha256:64c753a0f87a256020004f37a1c8c02c480e725f910f0b2a0f3f07debd1b2479"},
    {file = "cffi-2.1.0-cp311-cp311-win_amd64.whl", hash = "sha256:4f26194e3d95e06501b942642855aed4f953d55e95d7d01b7c4483db3ecff458"},
    {file = "cffi-2.1.0-cp311-cp311-win_arm64.whl", hash = "sha256:35aaea0c7ee0e58a5cd8c2fd1a48fdf7ece0d2699b7ecdda08194e9ce5dd9b3d"},
    {file = "cffi-2.1.0-cp312-cp312-macosx_10_15_x86_64.whl", hash = "sha256:df2b82571a1b30f58a87bf4e5a9e78d2b1eff6c6ce8fd3aa3757221f93f0863f"},
    {file = "cffi-2.1.0-cp312-cp312-macosx_11_0_arm64.whl", hash = "sha256:78474632761faa0fb96f30b1c928c84ebcf68713cbb80d15bab09dfe61640fde"},
    {file = "cffi-2.1.0-cp312-cp312-manylinux1_i686.manylinux2014_i686.manylinux_2_17_i686.manylinux_2_5_i686.whl", hash = "sha256:5972433ad71a9e46516584ef60a0fda12d9dc459938d1539c3ddecf9bdc1368d"},
    {file = "cffi-2.1.0-cp312-cp312-manylinux2014_aarch64.manylinux_2_17_aarch64.whl", hash = "sha256:b6422532152adf4e59b110cb2808cee7a033800952f5c036b4af047ee43199e7"},
    {file = "cffi-2.1.0-cp312-cp312-manylinux2014_ppc64le.manylinux_2_17_ppc64le.whl", hash = "sha256:46b1c8db8f6122420f32d02fffb924c2fe9bc772d228c7c711748fff56aabb2b"},
    {file = "cffi-2.1.0-cp312-cp312-manylinux2014_s390x.manylinux_2_17_s390x.whl", hash = "sha256:d9fafc5aa2e2a39aaf7f8cc0c1f044a9b07fca12e558dca53a3cc5c654ad67a7"},
    {file = "cffi-2.1.0-cp312-cp312-manylinux2014_x86_64.manylinux_2_17_x86_64.whl", hash = "sha256:1e9f50d192a3e525b15a75ab5114e442d83d657b7ec29182a991bc9a88fd3a66"},
    {file = "cffi-2.1.0-cp312-cp312-musllinux_1_2_aarch64.whl", hash = "sha256:98fff996e983a36d3aa2eca83af40c5821202e7e6f32d13ae94e3d2286f10cfe"},
    {file = "cffi-2.1.0-cp312-cp312-musllinux_1_2_x86_64.whl", hash = "sha256:379de10ce1ba048b1448599d1b37b24caee16309d1ac98d3982fc997f768700b"},
    {file = "cffi-2.1.0-cp312-cp312-win32.whl", hash = "sha256:9b8f0f26ca4e7513c534d351eca551947d053fac438f2a04ac96d882909b0d3a"},
    {file = "cffi-2.1.0-cp312-cp312-win_amd64.whl", hash = "sha256:c97f080ea627e2863524c5af3836e2270b5f5dfff1f104392b959f8df0c5d384"},
    {file = "cffi-2.1.0-cp312-cp312-win_arm64.whl", hash = "sha256:6d194185eabd279f1c05ebe3504265ddfc5ad2b58d0714f7db9f01da592e9eb6"},
    {file = "cffi-2.1.0-cp313-cp313-ios_13_0_arm64_iphoneos.whl", hash = "sha256:10537b1df4967ca26d21e5072d7d54188354483b91dc75058968d3f0cf13fbda"},
    {file = "cffi-2.1.0-cp313-cp313-ios_13_0_arm64_iphonesimulator.whl", hash = "sha256:a95b05f9baf29b91171b3a8bd2020b028835243e7b0ff6bb23e2a3c228518b1b"},
    {file = "cffi-2.1.0-cp313-cp313-macosx_10_15_x86_64.whl", hash = "sha256:15faec4adfff450819f3aee0e2e02c812de6edb88203aa58807955db2003472a"},
    {file = "cffi-2.1.0-cp313-cp313-macosx_11_0_arm64.whl", hash = "sha256:716ff8ec22f20b4d988b12884086bcef0fc99737043e503f7a3935a6be99b1ea"},
    {file = "cffi-2.1.0-cp313-cp313-manylinux1_i686.manylinux2014_i686.manylinux_2_17_i686.manylinux_2_5_i686.whl", hash = "sha256:63960549e4f8dc41e31accb97b975abaecfc44c03e396c093a6436763c2ea7db"},
    {file = "cffi-2.1.0-cp313-cp313-manylinux2014_aarch64.manylinux_2_17_aarch64.whl", hash = "sha256:ff067a8d8d880e7809e4ac88eb009bb848870115317b306666502ccad30b147f"},
    {file = "cffi-2.1.0-cp313-cp313-manylinux2014_ppc64le.manylinux_2_17_ppc64le.whl", hash = "sha256:3b926723c13eba9f81d2ef3820d63aeceec3b2d4639906047bf675cb8a7a500d"},
    {file = "cffi-2.1.0-cp313-cp313-manylinux2014_s390x.manylinux_2_17_s390x.whl", hash = "sha256:47ff3a8bfd8cb9da1af7524b965127095055654c177fcfc7578debcb015eecd0"},
    {file = "cffi-2.1.0-cp313-cp313-manylinux2014_x86_64.manylinux_2_17_x86_64.whl", hash = "sha256:799416bae98336e400981ff6e532d67d5c709cfb30afb79865a1315f94b0e224"},
    {file = "cffi-2.1.0-cp313-cp313-musllinux_1_2_aarch64.whl", hash = "sha256:961be50688f7fba2fa65f63712d3b9b341a22311f5253460ce933f52f0de1c8c"},
    {file = "cffi-2.1.0-cp313-cp313-musllinux_1_2_x86_64.whl", hash = "sha256:bf5c6cf48238b0eb4c086978c492ad1cbc22373fc5b2d7353b3a598ce6db887a"},
    {file = "cffi-2.1.0-cp313-cp313-win32.whl", hash = "sha256:db3eb7d46527159a878ec3460e9d40615bc25ba337d477db681aea6e4f05c5d2"},
    {file = "cffi-2.1.0-cp313-cp313-win_amd64.whl", hash = "sha256:8e74a6135550c4748af665b1b1118b6aab33b1fc6a16f9aff630af107c3b4512"},
    {file = "cffi-2.1.0-cp313-cp313-win_arm64.whl", hash = "sha256:2282cd5e38aa8accd03e99d1256af8411c84cdbee6a89d841b563fdbd1f3e50f"},
    {file = "cffi-2.1.0-cp314-cp314-ios_13_0_arm64_iphoneos.whl", hash = "sha256:d2117334c3af3bdcb9a88522b844a2bdb5efdc4f71c6c822df55486ae1c3347a"},
    {file = "cffi-2.1.0-cp314-cp314-ios_13_0_arm64_iphonesimulator.whl", hash = "sha256:702c436735fbe99d59ada02a1f65cfc0d31c0ee8b7290912f8fbc5cd1e4b16c3"},
    {file = "cffi-2.1.0-cp314-cp314-macosx_10_15_x86_64.whl", hash = "sha256:1ff3456eab0d889592d1936d6125bbfbc7ae4d3354a700f8bd80450a66445d4d"},
    {file = "cffi-2.1.0-cp314-cp314-macosx_11_0_arm64.whl", hash = "sha256:c4165821e131d6d4ca444347c2b694e2311bcfa3fe5a861cc72968f28867beac"},
    {file = "cffi-2.1.0-cp314-cp314-manylinux2014_aarch64.manylinux_2_17_aarch64.whl", hash = "sha256:276f20fffd7b396e12516ba8edf9509210ac248cbbc5acbc39cd512f9f59ebe6"},
    {file = "cffi-2.1.0-cp314-cp314-manylinux2014_ppc64le.manylinux_2_17_ppc64le.whl", hash = "sha256:7d5980a3433d4b71a5e120f9dd551403d7824e31e2e67124fe2769c404c06913"},
    {file = "cffi-2.1.0-cp314-cp314-manylinux2014_s390x.manylinux_2_17_s390x.whl", hash = "sha256:6ca4919c6e4f89aa99c42510b42cf54596892c00b3f9077f6bdd1505e24b9c8d"},
    {file = "cffi-2.1.0-cp314-cp314-manylinux2014_x86_64.manylinux_2_17_x86_64.whl", hash = "sha256:d53d10f7da99ae46f7373b9150393e9c5eab9b224909982b43832668de4779f5"},
    {file = "cffi-2.1.0-cp314-cp314-musllinux_1_2_aarch64.whl", hash = "sha256:c351efb95e832a853a29361675f33a7ce53de1a109cd73fd47af0712213aa4ce"},
    {file = "cffi-2.1.0-cp314-cp314-musllinux_1_2_x86_64.whl", hash = "sha256:dbf7c7a88e2bac086f06d14577332760bdeecc42bdec8ac4077f6260557d9326"},
    {file = "cffi-2.1.0-cp314-cp314-win32.whl", hash = "sha256:1854b724d00f6654c742097d5387569021be12d3a0f770eae1df8f8acfcc6acd"},
    {file = "cffi-2.1.0-cp314-cp314-win_amd64.whl", hash = "sha256:1b96bfe2c4bd825681b7d311ad6d9b7280a091f43e8f63da5729638083cd3bfb"},
    {file = "cffi-2.1.0-cp314-cp314-win_arm64.whl", hash = "sha256:7d28dff1db6764108bc30788d85d61c876beff416d9a49cb9dd7c5a9f34f5804"},
    {file = "cffi-2.1.0-cp314-cp314t-macosx_10_15_x86_64.whl", hash = "sha256:7ea6b3e2c4250ff1de21c630fe72d0f63eb95c2c32ffbf64a358cf4a8836d714"},
    {file = "cffi-2.1.0-cp314-cp314t-macosx_11_0_arm64.whl", hash = "sha256:6af371f3767faeffc6ac1ef57cdfd25844403e9d3f476c5537caee499de96376"},
    {file = "cffi-2.1.0-cp314-cp314t-manylinux2014_aarch64.manylinux_2_17_aarch64.whl", hash = "sha256:eb4e8997a49aa2c08a3e43c9045d224448b8941d88e7ac163c7d383e560cbf98"},
    {file = "cffi-2.1.0-cp314-cp314t-manylinux2014_ppc64le.manylinux_2_17_ppc64le.whl", hash = "sha256:bf01d8c84cbea96b944c73b22182e6c7c432b3475632b8111dbfdc95ddad6e13"},
    {file = "cffi-2.1.0-cp314-cp314t-manylinux2014_s390x.manylinux_2_17_s390x.whl", hash = "sha256:33eb1ad83ebe8f313e0df035c406227d55a79456704a863fad9842136af5ad7d"},
    {file = "cffi-2.1.0-cp314-cp314t-manylinux2014_x86_64.manylinux_2_17_x86_64.whl", hash = "sha256:ac0f1a2d0cfa7eea3f2aaf006ab6e70e8feeb16b75d65b7e5939982ca2f11056"},
    {file = "cffi-2.1.0-cp314-cp314t-musllinux_1_2_aarch64.whl", hash = "sha256:c16914df9fb7f500e440e6875fa23ff5e0b31db01fa9c06af98d59a91f0dc2e4"},
    {file = "cffi-2.1.0-cp314-cp314t-musllinux_1_2_x86_64.whl", hash = "sha256:5ecbd0499275d57506d397eebe1981cee87b47fcd9ef5c22cab7ed7644a39a94"},
    {file = "cffi-2.1.0-cp314-cp314t-win32.whl", hash = "sha256:7d034dcffa09e9a46c93fa3a3be402096cb5354ac6e41ab8e5cc9cd8b642ad76"},
    {file = "cffi-2.1.0-cp314-cp314t-win_amd64.whl", hash = "sha256:0582a58f3051372229ca8e7f5f589f9e5632678208d8636fea3676711fdf7fe5"},
    {file = "cffi-2.1.0-cp314-cp314t-win_arm64.whl", hash = "sha256:510aeeeac94811b138077451da1fb18b308a5feab47dd2b603af55804155e1c8"},
    {file = "cffi-2.1.0-cp315-cp315-ios_13_0_arm64_iphoneos.whl", hash = "sha256:2e9dabb9abcb7ad15938c7196ad5c1718a4e6d33cc79b4c0209bdb64c4a54a5c"},
    {file = "cffi-2.1.0-cp315-cp315-ios_13_0_arm64_iphonesimulator.whl", hash = "sha256:37f525a7e7e50c017fdebe58b787be310ad59357ae43a053943a6e1a6c526001"},
    {file = "cffi-2.1.0-cp315-cp315-macosx_10_15_x86_64.whl", hash = "sha256:95f2954c2c9473d892eca6e0409f3568b37ab62a8eedb122461f73cc273476e3"},
    {file = "cffi-2.1.0-cp315-cp315-macosx_11_0_arm64.whl", hash = "sha256:cdf2448aab5f661c9315308ec8b93f4e8a1a67a3c733f8631067a2b67d5913dc"},
    {file = "cffi-2.1.0-cp315-cp315-manylinux2014_aarch64.manylinux_2_17_aarch64.whl", hash = "sha256:90bec57cf82089383bd06a605b3eb8daebf7e5a668520beaf6e327a83a947699"},
    {file = "cffi-2.1.0-cp315-cp315-manylinux2014_ppc64le.manylinux_2_17_ppc64le.whl", hash = "sha256:6274dcb2d15cef48daa73ed1be5a40d501d74dccd0cd6db364776d12cb6ba022"},
    {file = "cffi-2.1.0-cp315-cp315-manylinux2014_s390x.manylinux_2_17_s390x.whl", hash = "sha256:2b71d409cccee78310ab5dec549aed052aaea483346e282c7b02362596e01bb0"},
    {file = "cffi-2.1.0-cp315-cp315-manylinux2014_x86_64.manylinux_2_17_x86_64.whl", hash = "sha256:7d3538f9c0e50670f4deb93dbb696576e60590369cae2faf7de681e597a8a1f1"},
    {file = "cffi-2.1.0-cp315-cp315-musllinux_1_2_aarch64.whl", hash = "sha256:8f9ec95b8a043d3dfbc74d9abc6f7baf524dd27a8dc160b0a32ff9cdab650c28"},
    {file = "cffi-2.1.0-cp315-cp315-musllinux_1_2_x86_64.whl", hash = "sha256:af5e2915d41fe6c961694d7bfdc8562942638200f3ce2765dfb8b745cf997629"},
    {file = "cffi-2.1.0-cp315-cp315-win32.whl", hash = "sha256:0a42c688d19fca6e095a53c6a6e2295a5b050a8b289f109adab02a9e61a25de6"},
    {file = "cffi-2.1.0-cp315-cp315-win_amd64.whl", hash = "sha256:bccbbb5ee76a61f9d99b5bf3846a51d7fca4b6a732fe46f89295610edaf41853"},
    {file = "cffi-2.1.0-cp315-cp315-win_arm64.whl", hash = "sha256:8d35c139744adb3e727cd51b1a18324bbe44b8bd41bf8322bca4d41289f48eda"},
    {file = "cffi-2.1.0-cp315-cp315t-macosx_10_15_x86_64.whl", hash = "sha256:f9912624a0c0b834b7520d7769b3644453aabc0a7e1c839da7359f050750e9bc"},
    {file = "cffi-2.1.0-cp315-cp315t-macosx_11_0_arm64.whl", hash = "sha256:df92f2aba50eb4d96718b68ef76f2e57a57b54f2fa62333496d16c6d585a85ca"},
    {file = "cffi-2.1.0-cp315-cp315t-manylinux2014_aarch64.manylinux_2_17_aarch64.whl", hash = "sha256:0520e1f4c35f44e209cbbb421b67eec42e6a157f59444dfb6058874ff3610e5d"},
    {file = "cffi-2.1.0-cp315-cp315t-manylinux2014_ppc64le.manylinux_2_17_ppc64le.whl", hash = "sha256:3681e031db29958a7502f5c0c9d6bbc4c36cb20f7b104086fa642d1799631ff8"},
    {file = "cffi-2.1.0-cp315-cp315t-manylinux2014_s390x.manylinux_2_17_s390x.whl", hash = "sha256:762f99479dcb369f60ab9017ad4ab97a36a1dd7c1ee5a3b15db0f4b8659120cd"},
    {file = "cffi-2.1.0-cp315-cp315t-manylinux2014_x86_64.manylinux_2_17_x86_64.whl", hash = "sha256:0611e7ebf90573a535ebdc33ae9da222d037853983e13359f580fab781ca017f"},
    {file = "cffi-2.1.0-cp315-cp315t-musllinux_1_2_aarch64.whl", hash = "sha256:86cf8755a791f72c85dc287128cc62d4f24d392e3f1e15837245623f4a33cccc"},
    {file = "cffi-2.1.0-cp315-cp315t-musllinux_1_2_x86_64.whl", hash = "sha256:ba00f661f8ba35d075c937174e27c2c421cec3942fd2e0ea3e66996757c0fdd9"},
    {file = "cffi-2.1.0-cp315-cp315t-win32.whl", hash = "sha256:cb96698e3c7413d906ce83f8ffd245ec1bd94707541f299d0ce4d6b0193e982b"},
    {file = "cffi-2.1.0-cp315-cp315t-win_amd64.whl", hash = "sha256:f146d154428a2523f9cc7936c02353c2459b8f6cf07d3cd1ee1c0a611109c5d5"},
    {file = "cffi-2.1.0-cp315-cp315t-win_arm64.whl", hash = "sha256:cbb7640ce37159548d2147b5b8c241f962143d4c71231431820783f4dc78f210"},
    {file = "cffi-2.1.0.tar.gz", hash = "sha256:efc1cdd798b1aaf39b4610bba7aad28c9bea9b910f25c784ccf9ec1fa719d1f9"},
]

[package.dependencies]
pycparser = {version = "*", markers = "implementation_name != \"PyPy\""}

[[package]]
name = "cryptography"
version = "50.0.0"
description = "cryptography is a package which provides cryptographic recipes and primitives to Python developers."
optional = false
python-versions = "!=3.9.0,!=3.9.1,>=3.9"
groups = ["main"]
files = [
    {file = "cryptography-50.0.0-cp311-abi3-macosx_11_0_arm64.whl", hash = "sha256:031e2d5dd4bb9caa3ca9c82e5a197fd8ae680232cee62603d1a813f3f07e3d03"},
    {file = "cryptography-50.0.0-cp311-abi3-manylinux2014_aarch64.manylinux_2_17_aarch64.whl", hash = "sha256:fd9192b7b70c573d7f214eb1ae35e00d359f6f5e4b27c7e21e30de1fc6204645"},
    {file = "cryptography-50.0.0-cp311-abi3-manylinux2014_x86_64.manylinux_2_17_x86_64.whl", hash = "sha256:06a32a980526a6ab9a4b9bf8f7385800791e2bb960903cb6b530e4817509a3b7"},
    {file = "cryptography-50.0.0-cp311-abi3-manylinux_2_28_aarch64.whl", hash = "sha256:a1b30560f2acc95aa8b2e06e716a13dbfc97314747b80d9707e307f77b40d6b3"},
    {file = "cryptography-50.0.0-cp311-abi3-manylinux_2_28_ppc64le.whl", hash = "sha256:8d89f3976b10b4ce31118de72329025f70d2c6ead14a8217c5514dd2c6d5a78f"},
    {file = "cryptography-50.0.0-cp311-abi3-manylinux_2_28_x86_64.whl", hash = "sha256:b42a28c1844fd9de8f3f7d540e36b66f3a9c83fceac7170ebc7a6a19edd9dcae"},
    {file = "cryptography-50.0.0-cp311-abi3-manylinux_2_31_armv7l.whl", hash = "sha256:900131fafd8aead39ac7dd3a7e833be754c17a95cfd91221636949fe4eb0aa8a"},
    {file = "cryptography-50.0.0-cp311-abi3-manylinux_2_34_aarch64.whl", hash = "sha256:07949c449a1abcf60d1ee6e88956d89404c7df3c8258f46589e912988e551987"},
    {file = "cryptography-50.0.0-cp311-abi3-manylinux_2_34_ppc64le.whl", hash = "sha256:f89831ef99dd7dd169ab06d63a831adb9e20a87aac6d380266bbda5823349169"},
    {file = "cryptography-50.0.0-cp311-abi3-manylinux_2_34_x86_64.whl", hash = "sha256:82148ec5bddac30b51a5b3c1945075f896fa022cb93f8e4a01e9f6ee95292c5f"},
    {file = "cryptography-50.0.0-cp311-abi3-musllinux_1_2_aarch64.whl", hash = "sha256:1489e263a8048bb8b6a8bac662eb2d402ea5d2b7b4699b72f385f1e2772db105"},
    {file = "cryptography-50.0.0-cp311-abi3-musllinux_1_2_x86_64.whl", hash = "sha256:7cec5b856506da6defb290f30c9ee687d5f5e8cb0bd3f6459dde43b0b4fa40ef"},
    {file = "cryptography-50.0.0-cp311-abi3-win_amd64.whl", hash = "sha256:bd1c592e4d5974f0d08d4888e432157adba757c66da0246918e43677fafa2d30"},
    {file = "cryptography-50.0.0-cp314-cp314t-macosx_11_0_arm64.whl", hash = "sha256:49e7d93abdbd2990caced757e5fade25302f719c3c8fb6e6fff2dde98999fc41"},
    {file = "cryptography-50.0.0-cp314-cp314t-manylinux2014_aarch64.manylinux_2_17_aarch64.whl", hash = "sha256:19736989797678c6af1e55cd49055cdbcb55d8f6b5583ac5335f933aba9101dc"},
    {file = "cryptography-50.0.0-cp314-cp314t-manylinux2014_x86_64.manylinux_2_17_x86_64.whl", hash = "sha256:80b63928fa35083b33966ce1efb70e5b9607181e49dcd1c22c8c005e319f667f"},
    {file = "cryptography-50.0.0-cp314-cp314t-manylinux_2_28_aarch64.whl", hash = "sha256:d58c3db7cd6eed54e6c06744db55456b65ebd7492ddeae9c1e93cfca7aa857d3"},
    {file = "cryptography-50.0.0-cp314-cp314t-manylinux_2_28_ppc64le.whl", hash = "sha256:df2a58a472f332225671c35b0a830208b86d004f82baa8530fa3782c85646533"},
    {file = "cryptography-50.0.0-cp314-cp314t-manylinux_2_28_x86_64.whl", hash = "sha256:11b74db56cdbe3cdee6e3f6982ecb70334fa10dce99ed58bf7894aaaa3b2a037"},
    {file = "cryptography-50.0.0-cp314-cp314t-manylinux_2_31_armv7l.whl", hash = "sha256:f59e38625469987d7ef6d495323c55e7db6c212eaf6112267e0d3b565a2e9c9f"},
    {file = "cryptography-50.0.0-cp314-cp314t-manylinux_2_34_aarch64.whl", hash = "sha256:ecfed7367f965a0328cfbdd70da860f15441f002f613185668c6e6ebf5a0ac11"},
    {file = "cryptography-50.0.0-cp314-cp314t-manylinux_2_34_ppc64le.whl", hash = "sha256:9aa87839c383bdbab6ef865787a1fb877af8dd03464c4400322726feaaadfc6d"},
    {file = "cryptography-50.0.0-cp314-cp314t-manylinux_2_34_x86_64.whl", hash = "sha256:6ba6a53445bd3cfa809ef3ef5f1589aa6ba08784a1d962bf47d0940e871dab1c"},
    {file = "cryptography-50.0.0-cp314-cp314t-musllinux_1_2_aarch64.whl", hash = "sha256:3f5735ffe4996d28b809371756219f5354864902a3b9e7c0b9ee87041209fc9c"},
    {file = "cryptography-50.0.0-cp314-cp314t-musllinux_1_2_x86_64.whl", hash = "sha256:1b4a266766514614f8aa60416e71f2fc6e575d36e7bdc90f644fadb2f4b75b95"},
    {file = "cryptography-50.0.0-cp314-cp314t-win_amd64.whl", hash = "sha256:12b9c6996425c76ea6c457ace4f3073e715b8c545add07cd1a8f3a4f90691269"},
    {file = "cryptography-50.0.0-cp39-abi3-macosx_11_0_arm64.whl", hash = "sha256:ccdc4a71a4dabae05de219404f9f4abc38e3b58422177ff93d0da05967dafa07"},
    {file = "cryptography-50.0.0-cp39-abi3-manylinux2014_aarch64.manylinux_2_17_aarch64.whl", hash = "sha256:910e1d2668e7de9648f2bcee30e180db2a6b15c30f887d7c4c93ddf96e3992e3"},
    {file = "cryptography-50.0.0-cp39-abi3-manylinux2014_x86_64.manylinux_2_17_x86_64.whl", hash = "sha256:a91296cb61e8df6f86d0c19cc4068228da256bf59bf86049fbd821084565327f"},
    {file = "cryptography-50.0.0-cp39-abi3-manylinux_2_28_aarch64.whl", hash = "sha256:e722f16708d854fe924790e051061f6704a472c3bac347b6fd88033ea8dd0dc5"},
    {file = "cryptography-50.0.0-cp39-abi3-manylinux_2_28_ppc64le.whl", hash = "sha256:d764dcf130c428ef66786f866dd750f53182bc608813489915e9fc106bb0c82f"},
    {file = "cryptography-50.0.0-cp39-abi3-manylinux_2_28_x86_64.whl", hash = "sha256:105110f43a471dbd0060b9c9516cb8a6a79233631a04cc2ba16f28323ac6e025"},
    {file = "cryptography-50.0.0-cp39-abi3-manylinux_2_31_armv7l.whl", hash = "sha256:828743d939e9629bc267b8e2d08d8bb67cd4319c771a33d4b18b22dd8fb7440a"},
    {file = "cryptography-50.0.0-cp39-abi3-manylinux_2_34_aarch64.whl", hash = "sha256:2a8183b489dc1f7f80f135780fadc1108f14b31b8a40411c7a5b17425f65f28b"},
    {file = "cryptography-50.0.0-cp39-abi3-manylinux_2_34_ppc64le.whl", hash = "sha256:6e7d61120573a7f2cd94cc095f9e81f6967c61ccdf194285aa143ecec8e0b708"},
    {file = "cryptography-50.0.0-cp39-abi3-manylinux_2_34_x86_64.whl", hash = "sha256:37fdb0d0111f1e2ff07139dfb79f1b49531f8e213c46f1163dd7642979b58c47"},
    {file = "cryptography-50.0.0-cp39-abi3-musllinux_1_2_aarch64.whl", hash = "sha256:c87f62a3d3b9888ed0fdde100ec06aa61ca9cd44bad9057d1dff9a516b5f5bb9"},
    {file = "cryptography-50.0.0-cp39-abi3-musllinux_1_2_x86_64.whl", hash = "sha256:65c2c3add92b45fd0709db8594536aea39c2a67af0e27ffcf049c498501140b7"},
    {file = "cryptography-50.0.0-cp39-abi3-win_amd64.whl", hash = "sha256:d24fead1d4d076e1bfb006dcec392074a3cd8d7b4fc8a595aa64073b2b7a96ba"},
    {file = "cryptography-50.0.0-pp311-pypy311_pp73-macosx_11_0_arm64.whl", hash = "sha256:5e34edd123674534acd70147f0ca331eaa2c74e6325fb2028c886aa26ba0b68c"},
    {file = "cryptography-50.0.0-pp311-pypy311_pp73-manylinux_2_28_aarch64.whl", hash = "sha256:8eb5e1172eb569ea8a872796576e6a67c276351728b6455d5beb01242b027c6a"},
    {file = "cryptography-50.0.0-pp311-pypy311_pp73-manylinux_2_28_x86_64.whl", hash = "sha256:910d11e1a385c654bf738bf3e6b8e6ed5de0f5610fcae2be9e5b398d8081d20e"},
    {file = "cryptography-50.0.0-pp311-pypy311_pp73-manylinux_2_34_aarch64.whl", hash = "sha256:62598a8a57f815db4c6259a4e97d857dab56697e7de8e8ab02352ab74da1995d"},
    {file = "cryptography-50.0.0-pp311-pypy311_pp73-manylinux_2_34_x86_64.whl", hash = "sha256:07479a1cb08219ab719147e742e76090c9c773321959bb94946fffdd397a6437"},
    {file = "cryptography-50.0.0-pp311-pypy311_pp73-win_amd64.whl", hash = "sha256:c99c003e088647b8a5b7c145d6f78c335f6348332b62e142d411c4b63d1460b9"},
    {file = "cryptography-50.0.0.tar.gz", hash = "sha256:eeac2acb5a20ed25e0ad6d1df9891a520b78b404266b6d11778f25d5d691a6c9"},
]

[package.dependencies]
cffi = {version = ">=2.0.0", markers = "platform_python_implementation != \"PyPy\""}

[package.extras]
ssh = ["bcrypt (>=3.1.5)"]

[[package]]
name = "dnspython"
version = "2.8.0"
description = "DNS toolkit"
optional = false
python-versions = ">=3.10"
groups = ["main"]
files = [
    {file = "dnspython-2.8.0-py3-none-any.whl", hash = "sha256:01d9bbc4a2d76bf0db7c1f729812ded6d912bd318d3b1cf81d30c0f845dbf3af"},
    {file = "dnspython-2.8.0.tar.gz", hash = "sha256:181d3c6996452cb1189c4046c61599b84a5a86e099562ffde77d26984ff26d0f"},
]

[package.extras]
dev = ["black (>=25.1.0)", "coverage (>=7.0)", "flake8 (>=7)", "hypercorn (>=0.17.0)", "mypy (>=1.17)", "pylint (>=3)", "pytest (>=8.4)", "pytest-cov (>=6.2.0)", "quart-trio (>=0.12.0)", "sphinx (>=8.2.0)", "sphinx-rtd-theme (>=3.0.0)", "twine (>=6.1.0)", "wheel (>=0.45.0)"]
dnssec = ["cryptography (>=45)"]
doh = ["h2 (>=4.2.0)", "httpcore (>=1.0.0)", "httpx (>=0.28.0)"]
doq = ["aioquic (>=1.2.0)"]
idna = ["idna (>=3.10)"]
trio = ["trio (>=0.30)"]
wmi = ["wmi (>=1.5.1) ; platform_system == \"Windows\""]

[[package]]
name = "pycparser"
version = "3.0"
description = "C parser in Python"
optional = false
python-versions = ">=3.10"
groups = ["main"]
markers = "platform_python_implementation != \"PyPy\" and implementation_name != \"PyPy\""
files = [
    {file = "pycparser-3.0-py3-none-any.whl", hash = "sha256:b727414169a36b7d524c1c3e31839a521725078d7b2ff038656844266160a992"},
    {file = "pycparser-3.0.tar.gz", hash = "sha256:600f49d217304a5902ac3c37e1281c9fe94e4d0489de643a9504c5cdfdfc6b29"},
]

[[package]]
name = "pyyaml"
version = "6.0.3"
description = "YAML parser and emitter for Python"
optional = false
python-versions = ">=3.8"
groups = ["main"]
files = [
    {file = "PyYAML-6.0.3-cp38-cp38-macosx_10_13_x86_64.whl", hash = "sha256:c2514fceb77bc5e7a2f7adfaa1feb2fb311607c9cb518dbc378688ec73d8292f"},
    {file = "PyYAML-6.0.3-cp38-cp38-manylinux2014_aarch64.manylinux_2_17_aarch64.manylinux_2_28_aarch64.whl", hash = "sha256:9c57bb8c96f6d1808c030b1687b9b5fb476abaa47f0db9c0101f5e9f394e97f4"},
    {file = "PyYAML-6.0.3-cp38-cp38-manylinux2014_s390x.manylinux_2_17_s390x.manylinux_2_28_s390x.whl", hash = "sha256:efd7b85f94a6f21e4932043973a7ba2613b059c4a000551892ac9f1d11f5baf3"},
    {file = "PyYAML-6.0.3-cp38-cp38-manylinux2014_x86_64.manylinux_2_17_x86_64.manylinux_2_28_x86_64.whl", hash = "sha256:22ba7cfcad58ef3ecddc7ed1db3409af68d023b7f940da23c6c2a1890976eda6"},
    {file = "PyYAML-6.0.3-cp38-cp38-musllinux_1_2_x86_64.whl", hash = "sha256:6344df0d5755a2c9a276d4473ae6b90647e216ab4757f8426893b5dd2ac3f369"},
    {file = "PyYAML-6.0.3-cp38-cp38-win32.whl", hash = "sha256:3ff07ec89bae51176c0549bc4c63aa6202991da2d9a6129d7aef7f1407d3f295"},
    {file = "PyYAML-6.0.3-cp38-cp38-win_amd64.whl", hash = "sha256:5cf4e27da7e3fbed4d6c3d8e797387aaad68102272f8f9752883bc32d61cb87b"},
    {file = "pyyaml-6.0.3-cp310-cp310-macosx_10_13_x86_64.whl", hash = "sha256:214ed4befebe12df36bcc8bc2b64b396ca31be9304b8f59e25c11cf94a4c033b"},
    {file = "pyyaml-6.0.3-cp310-cp310-macosx_11_0_arm64.whl", hash = "sha256:02ea2dfa234451bbb8772601d7b8e426c2bfa197136796224e50e35a78777956"},
    {file = "pyyaml-6.0.3-cp310-cp310-manylinux2014_aarch64.manylinux_2_17_aarch64.manylinux_2_28_aarch64.whl", hash = "sha256:b30236e45cf30d2b8e7b3e85881719e98507abed1011bf463a8fa23e9c3e98a8"},
    {file = "pyyaml-6.0.3-cp310-cp310-manylinux2014_s390x.manylinux_2_17_s390x.manylinux_2_28_s390x.whl", hash = "sha256:66291b10affd76d76f54fad28e22e51719ef9ba22b29e1d7d03d6777a9174198"},
    {file = "pyyaml-6.0.3-cp310-cp310-manylinux2014_x86_64.manylinux_2_17_x86_64.manylinux_2_28_x86_64.whl", hash = "sha256:9c7708761fccb9397fe64bbc0395abcae8c4bf7b0eac081e12b809bf47700d0b"},
    {file = "pyyaml-6.0.3-cp310-cp310-musllinux_1_2_aarch64.whl", hash = "sha256:418cf3f2111bc80e0933b2cd8cd04f286338bb88bdc7bc8e6dd775ebde60b5e0"},
    {file = "pyyaml-6.0.3-cp310-cp310-musllinux_1_2_x86_64.whl", hash = "sha256:5e0b74767e5f8c593e8c9b5912019159ed0533c70051e9cce3e8b6aa699fcd69"},
    {file = "pyyaml-6.0.3-cp310-cp310-win32.whl", hash = "sha256:28c8d926f98f432f88adc23edf2e6d4921ac26fb084b028c733d01868d19007e"},
    {file = "pyyaml-6.0.3-cp310-cp310-win_amd64.whl", hash = "sha256:bdb2c67c6c1390b63c6ff89f210c8fd09d9a1217a465701eac7316313c915e4c"},
    {file = "pyyaml-6.0.3-cp311-cp311-macosx_10_13_x86_64.whl", hash = "sha256:44edc647873928551a01e7a563d7452ccdebee747728c1080d881d68af7b997e"},
    {file = "pyyaml-6.0.3-cp311-cp311-macosx_11_0_arm64.whl", hash = "sha256:652cb6edd41e718550aad172851962662ff2681490a8a711af6a4d288dd96824"},
    {file = "pyyaml-6.0.3-cp311-cp311-manylinux2014_aarch64.manylinux_2_17_aarch64.manylinux_2_28_aarch64.whl", hash = "sha256:10892704fc220243f5305762e276552a0395f7beb4dbf9b14ec8fd43b57f126c"},
    {file = "pyyaml-6.0.3-cp311-cp311-manylinux2014_s390x.manylinux_2_17_s390x.manylinux_2_28_s390x.whl", hash = "sha256:850774a7879607d3a6f50d36d04f00ee69e7fc816450e5f7e58d7f17f1ae5c00"},
    {file = "pyyaml-6.0.3-cp311-cp311-manylinux2014_x86_64.manylinux_2_17_x86_64.manylinux_2_28_x86_64.whl", hash = "sha256:b8bb0864c5a28024fac8a632c443c87c5aa6f215c0b126c449ae1a150412f31d"},
    {file = "pyyaml-6.0.3-cp311-cp311-musllinux_1_2_aarch64.whl", hash = "sha256:1d37d57ad971609cf3c53ba6a7e365e40660e3be0e5175fa9f2365a379d6095a"},
    {file = "pyyaml-6.0.3-cp311-cp311-musllinux_1_2_x86_64.whl", hash = "sha256:37503bfbfc9d2c40b344d06b2199cf0e96e97957ab1c1b546fd4f87e53e5d3e4"},
    {file = "pyyaml-6.0.3-cp311-cp311-win32.whl", hash = "sha256:8098f252adfa6c80ab48096053f512f2321f0b998f98150cea9bd23d83e1467b"},
    {file = "pyyaml-6.0.3-cp311-cp311-win_amd64.whl", hash = "sha256:9f3bfb4965eb874431221a3ff3fdcddc7e74e3b07799e0e84ca4a0f867d449bf"},
    {file = "pyyaml-6.0.3-cp312-cp312-macosx_10_13_x86_64.whl", hash = "sha256:7f047e29dcae44602496db43be01ad42fc6f1cc0d8cd6c83d342306c32270196"},
    {file = "pyyaml-6.0.3-cp312-cp312-macosx_11_0_arm64.whl", hash = "sha256:fc09d0aa354569bc501d4e787133afc08552722d3ab34836a80547331bb5d4a0"},
    {file = "pyyaml-6.0.3-cp312-cp312-manylinux2014_aarch64.manylinux_2_17_aarch64.manylinux_2_28_aarch64.whl", hash = "sha256:9149cad251584d5fb4981be1ecde53a1ca46c891a79788c0df828d2f166bda28"},
    {file = "pyyaml-6.0.3-cp312-cp312-manylinux2014_s390x.manylinux_2_17_s390x.manylinux_2_28_s390x.whl", hash = "sha256:5fdec68f91a0c6739b380c83b951e2c72ac0197ace422360e6d5a959d8d97b2c"},
    {file = "pyyaml-6.0.3-cp312-cp312-manylinux2014_x86_64.manylinux_2_17_x86_64.manylinux_2_28_x86_64.whl", hash = "sha256:ba1cc08a7ccde2d2ec775841541641e4548226580ab850948cbfda66a1befcdc"},
    {file = "pyyaml-6.0.3-cp312-cp312-musllinux_1_2_aarch64.whl", hash = "sha256:8dc52c23056b9ddd46818a57b78404882310fb473d63f17b07d5c40421e47f8e"},
    {file = "pyyaml-6.0.3-cp312-cp312-musllinux_1_2_x86_64.whl", hash = "sha256:41715c910c881bc081f1e8872880d3c650acf13dfa8214bad49ed4cede7c34ea"},
    {file = "pyyaml-6.0.3-cp312-cp312-win32.whl", hash = "sha256:96b533f0e99f6579b3d4d4995707cf36df9100d67e0c8303a0c55b27b5f99bc5"},
    {file = "pyyaml-6.0.3-cp312-cp312-win_amd64.whl", hash = "sha256:5fcd34e47f6e0b794d17de1b4ff496c00986e1c83f7ab2fb8fcfe9616ff7477b"},
    {file = "pyyaml-6.0.3-cp312-cp312-win_arm64.whl", hash = "sha256:64386e5e707d03a7e172c0701abfb7e10f0fb753ee1d773128192742712a98fd"},
    {file = "pyyaml-6.0.3-cp313-cp313-macosx_10_13_x86_64.whl", hash = "sha256:8da9669d359f02c0b91ccc01cac4a67f16afec0dac22c2ad09f46bee0697eba8"},
    {file = "pyyaml-6.0.3-cp313-cp313-macosx_11_0_arm64.whl", hash = "sha256:2283a07e2c21a2aa78d9c4442724ec1eb15f5e42a723b99cb3d822d48f5f7ad1"},
    {file = "pyyaml-6.0.3-cp313-cp313-manylinux2014_aarch64.manylinux_2_17_aarch64.manylinux_2_28_aarch64.whl", hash = "sha256:ee2922902c45ae8ccada2c5b501ab86c36525b883eff4255313a253a3160861c"},
    {file = "pyyaml-6.0.3-cp313-cp313-manylinux2014_s390x.manylinux_2_17_s390x.manylinux_2_28_s390x.whl", hash = "sha256:a33284e20b78bd4a18c8c2282d549d10bc8408a2a7ff57653c0cf0b9be0afce5"},
    {file = "pyyaml-6.0.3-cp313-cp313-manylinux2014_x86_64.manylinux_2_17_x86_64.manylinux_2_28_x86_64.whl", hash = "sha256:0f29edc409a6392443abf94b9cf89ce99889a1dd5376d94316ae5145dfedd5d6"},
    {file = "pyyaml-6.0.3-cp313-cp313-musllinux_1_2_aarch64.whl", hash = "sha256:f7057c9a337546edc7973c0d3ba84ddcdf0daa14533c2065749c9075001090e6"},
    {file = "pyyaml-6.0.3-cp313-cp313-musllinux_1_2_x86_64.whl", hash = "sha256:eda16858a3cab07b80edaf74336ece1f986ba330fdb8ee0d6c0d68fe82bc96be"},
    {file = "pyyaml-6.0.3-cp313-cp313-win32.whl", hash = "sha256:d0eae10f8159e8fdad514efdc92d74fd8d682c933a6dd088030f3834bc8e6b26"},
    {file = "pyyaml-6.0.3-cp313-cp313-win_amd64.whl", hash = "sha256:79005a0d97d5ddabfeeea4cf676af11e647e41d81c9a7722a193022accdb6b7c"},
    {file = "pyyaml-6.0.3-cp313-cp313-win_arm64.whl", hash = "sha256:5498cd1645aa724a7c71c8f378eb29ebe23da2fc0d7a08071d89469bf1d2defb"},
    {file = "pyyaml-6.0.3-cp314-cp314-macosx_10_13_x86_64.whl", hash = "sha256:8d1fab6bb153a416f9aeb4b8763bc0f22a5586065f86f7664fc23339fc1c1fac"},
    {file = "pyyaml-6.0.3-cp314-cp314-macosx_11_0_arm64.whl", hash = "sha256:34d5fcd24b8445fadc33f9cf348c1047101756fd760b4dacb5c3e99755703310"},
    {file = "pyyaml-6.0.3-cp314-cp314-manylinux2014_aarch64.manylinux_2_17_aarch64.manylinux_2_28_aarch64.whl", hash = "sha256:501a031947e3a9025ed4405a168e6ef5ae3126c59f90ce0cd6f2bfc477be31b7"},
    {file = "pyyaml-6.0.3-cp314-cp314-manylinux2014_s390x.manylinux_2_17_s390x.manylinux_2_28_s390x.whl", hash = "sha256:b3bc83488de33889877a0f2543ade9f70c67d66d9ebb4ac959502e12de895788"},
    {file = "pyyaml-6.0.3-cp314-cp314-manylinux2014_x86_64.manylinux_2_17_x86_64.manylinux_2_28_x86_64.whl", hash = "sha256:c458b6d084f9b935061bc36216e8a69a7e293a2f1e68bf956dcd9e6cbcd143f5"},
    {file = "pyyaml-6.0.3-cp314-cp314-musllinux_1_2_aarch64.whl", hash = "sha256:7c6610def4f163542a622a73fb39f534f8c101d690126992300bf3207eab9764"},
    {file = "pyyaml-6.0.3-cp314-cp314-musllinux_1_2_x86_64.whl", hash = "sha256:5190d403f121660ce8d1d2c1bb2ef1bd05b5f68533fc5c2ea899bd15f4399b35"},
    {file = "pyyaml-6.0.3-cp314-cp314-win_amd64.whl", hash = "sha256:4a2e8cebe2ff6ab7d1050ecd59c25d4c8bd7e6f400f5f82b96557ac0abafd0ac"},
    {file = "pyyaml-6.0.3-cp314-cp314-win_arm64.whl", hash = "sha256:93dda82c9c22deb0a405ea4dc5f2d0cda384168e466364dec6255b293923b2f3"},
    {file = "pyyaml-6.0.3-cp314-cp314t-macosx_10_13_x86_64.whl", hash = "sha256:02893d100e99e03eda1c8fd5c441d8c60103fd175728e23e431db1b589cf5ab3"},
    {file = "pyyaml-6.0.3-cp314-cp314t-macosx_11_0_arm64.whl", hash = "sha256:c1ff362665ae507275af2853520967820d9124984e0f7466736aea23d8611fba"},
    {file = "pyyaml-6.0.3-cp314-cp314t-manylinux2014_aarch64.manylinux_2_17_aarch64.manylinux_2_28_aarch64.whl", hash = "sha256:6adc77889b628398debc7b65c073bcb99c4a0237b248cacaf3fe8a557563ef6c"},
    {file = "pyyaml-6.0.3-cp314-cp314t-manylinux2014_s390x.manylinux_2_17_s390x.manylinux_2_28_s390x.whl", hash = "sha256:a80cb027f6b349846a3bf6d73b5e95e782175e52f22108cfa17876aaeff93702"},
    {file = "pyyaml-6.0.3-cp314-cp314t-manylinux2014_x86_64.manylinux_2_17_x86_64.manylinux_2_28_x86_64.whl", hash = "sha256:00c4bdeba853cc34e7dd471f16b4114f4162dc03e6b7afcc2128711f0eca823c"},
    {file = "pyyaml-6.0.3-cp314-cp314t-musllinux_1_2_aarch64.whl", hash = "sha256:66e1674c3ef6f541c35191caae2d429b967b99e02040f5ba928632d9a7f0f065"},
    {file = "pyyaml-6.0.3-cp314-cp314t-musllinux_1_2_x86_64.whl", hash = "sha256:16249ee61e95f858e83976573de0f5b2893b3677ba71c9dd36b9cf8be9ac6d65"},
    {file = "pyyaml-6.0.3-cp314-cp314t-win_amd64.whl", hash = "sha256:4ad1906908f2f5ae4e5a8ddfce73c320c2a1429ec52eafd27138b7f1cbe341c9"},
    {file = "pyyaml-6.0.3-cp314-cp314t-win_arm64.whl", hash = "sha256:ebc55a14a21cb14062aa4162f906cd962b28e2e9ea38f9b4391244cd8de4ae0b"},
    {file = "pyyaml-6.0.3-cp39-cp39-macosx_10_13_x86_64.whl", hash = "sha256:b865addae83924361678b652338317d1bd7e79b1f4596f96b96c77a5a34b34da"},
    {file = "pyyaml-6.0.3-cp39-cp39-macosx_11_0_arm64.whl", hash = "sha256:c3355370a2c156cffb25e876646f149d5d68f5e0a3ce86a5084dd0b64a994917"},
    {file = "pyyaml-6.0.3-cp39-cp39-manylinux2014_aarch64.manylinux_2_17_aarch64.manylinux_2_28_aarch64.whl", hash = "sha256:3c5677e12444c15717b902a5798264fa7909e41153cdf9ef7ad571b704a63dd9"},
    {file = "pyyaml-6.0.3-cp39-cp39-manylinux2014_s390x.manylinux_2_17_s390x.manylinux_2_28_s390x.whl", hash = "sha256:5ed875a24292240029e4483f9d4a4b8a1ae08843b9c54f43fcc11e404532a8a5"},
    {file = "pyyaml-6.0.3-cp39-cp39-manylinux2014_x86_64.manylinux_2_17_x86_64.manylinux_2_28_x86_64.whl", hash = "sha256:0150219816b6a1fa26fb4699fb7daa9caf09eb1999f3b70fb6e786805e80375a"},
    {file = "pyyaml-6.0.3-cp39-cp39-musllinux_1_2_aarch64.whl", hash = "sha256:fa160448684b4e94d80416c0fa4aac48967a969efe22931448d853ada8baf926"},
    {file = "pyyaml-6.0.3-cp39-cp39-musllinux_1_2_x86_64.whl", hash = "sha256:27c0abcb4a5dac13684a37f76e701e054692a9b2d3064b70f5e4eb54810553d7"},
    {file = "pyyaml-6.0.3-cp39-cp39-win32.whl", hash = "sha256:1ebe39cb5fc479422b83de611d14e2c0d3bb2a18bbcb01f229ab3cfbd8fee7a0"},
    {file = "pyyaml-6.0.3-cp39-cp39-win_amd64.whl", hash = "sha256:2e71d11abed7344e42a8849600193d15b6def118602c4c176f748e4583246007"},
    {file = "pyyaml-6.0.3.tar.gz", hash = "sha256:d76623373421df22fb4cf8817020cbb7ef15c725b9d5e45f17e189bfc384190f"},
]

[metadata]
lock-version = "2.1"
python-versions = ">=3.12"
content-hash = "11edeec8117f5ef754449335d1bfd5f64c0acf4766229632f02e76eae01047ed"
